
Microsoft Visual Studio Solution File, Format Version 12.00
# Visual Studio Version 16
VisualStudioVersion = 16.0.31205.134
MinimumVisualStudioVersion = 10.0.40219.1
Project("{FAE04EC0-301F-11D3-BF4B-00C04F79EFBC}") = "GlobalmanticsSQSWebAPI", "GlobalmanticsSQSWebAPI\GlobalmanticsSQSWebAPI.csproj", "{F595B429-7692-4A1C-BC2E-CB7F44349712}"
EndProject
Global
	GlobalSection(SolutionConfigurationPlatforms) = preSolution
		Debug|Any CPU = Debug|Any CPU
		Release|Any CPU = Release|Any CPU
	EndGlobalSection
	GlobalSection(ProjectConfigurationPlatforms) = postSolution
		{F595B429-7692-4A1C-BC2E-CB7F44349712}.Debug|Any CPU.ActiveCfg = Debug|Any CPU
		{F595B429-7692-4A1C-BC2E-CB7F44349712}.Debug|Any CPU.Build.0 = Debug|Any CPU
		{F595B429-7692-4A1C-BC2E-CB7F44349712}.Release|Any CPU.ActiveCfg = Release|Any CPU
		{F595B429-7692-4A1C-BC2E-CB7F44349712}.Release|Any CPU.Build.0 = Release|Any CPU
	EndGlobalSection
	GlobalSection(SolutionProperties) = preSolution
		HideSolutionNode = FALSE
	EndGlobalSection
	GlobalSection(ExtensibilityGlobals) = postSolution
		SolutionGuid = {4691D338-90AC-498C-9C61-7E0111A6DB39}
	EndGlobalSection
EndGlobal
